<?xml version="1.0" encoding="utf-8"?>
<Project ToolsVersion="17.0" xmlns="http://schemas.microsoft.com/developer/msbuild/2003">
  <ItemGroup>
    <ClCompile Include="C:\dev\MaGE\src\SYSTEM_scenestreamer\src\scenestreamersystem.cpp">
      <Filter>Source Files</Filter>
    </ClCompile>
  </ItemGroup>
  <ItemGroup>
    <ClInclude Include="C:\dev\MaGE\src\SYSTEM_scenestreamer\src\scenestreamersystem.h">
      <Filter>Header Files</Filter>
    </ClInclude>
  </ItemGroup>
  <ItemGroup>
    <Filter Include="Header Files">
      <UniqueIdentifier>{99C2E357-4C4E-32F0-B44F-3E62C3469660}</UniqueIdentifier>
    </Filter>
    <Filter Include="Source Files">
      <UniqueIdentifier>{B65613AA-6521-3DB5-9D32-A979D9EA8BD2}</UniqueIdentifier>
    </Filter>
  </ItemGroup>
</Project>
