
Microsoft Visual Studio Solution File, Format Version 12.00
# Visual Studio Version 17
Project("{8BC9CEB8-8B4A-11D0-8D11-00A0C91BC942}") = "ALL_BUILD", "ALL_BUILD.vcxproj", "{2737E977-C68F-3733-8AB1-9C912C0CADE0}"
	ProjectSection(ProjectDependencies) = postProject
		{C05CC118-BC7D-336A-B39C-CB8F2F4CFB8F} = {C05CC118-BC7D-336A-B39C-CB8F2F4CFB8F}
	EndProjectSection
EndProject
Project("{8BC9CEB8-8B4A-11D0-8D11-00A0C91BC942}") = "INSTALL", "INSTALL.vcxproj", "{FEB4A3DC-BBCE-3B75-A567-CFF8D5FEAFE1}"
	ProjectSection(ProjectDependencies) = postProject
		{2737E977-C68F-3733-8AB1-9C912C0CADE0} = {2737E977-C68F-3733-8AB1-9C912C0CADE0}
	EndProjectSection
EndProject
Project("{8BC9CEB8-8B4A-11D0-8D11-00A0C91BC942}") = "SYSTEM_scenestreamer", "SYSTEM_scenestreamer.vcxproj", "{C05CC118-BC7D-336A-B39C-CB8F2F4CFB8F}"
	ProjectSection(ProjectDependencies) = postProject
	EndProjectSection
EndProject
Global
	GlobalSection(SolutionConfigurationPlatforms) = preSolution
		Debug|Win32 = Debug|Win32
		Release|Win32 = Release|Win32
		MinSizeRel|Win32 = MinSizeRel|Win32
		RelWithDebInfo|Win32 = RelWithDebInfo|Win32
	EndGlobalSection
	GlobalSection(ProjectConfigurationPlatforms) = postSolution
		{2737E977-C68F-3733-8AB1-9C912C0CADE0}.Debug|Win32.ActiveCfg = Debug|Win32
		{2737E977-C68F-3733-8AB1-9C912C0CADE0}.Debug|Win32.Build.0 = Debug|Win32
		{2737E977-C68F-3733-8AB1-9C912C0CADE0}.Release|Win32.ActiveCfg = Release|Win32
		{2737E977-C68F-3733-8AB1-9C912C0CADE0}.Release|Win32.Build.0 = Release|Win32
		{2737E977-C68F-3733-8AB1-9C912C0CADE0}.MinSizeRel|Win32.ActiveCfg = MinSizeRel|Win32
		{2737E977-C68F-3733-8AB1-9C912C0CADE0}.MinSizeRel|Win32.Build.0 = MinSizeRel|Win32
		{2737E977-C68F-3733-8AB1-9C912C0CADE0}.RelWithDebInfo|Win32.ActiveCfg = RelWithDebInfo|Win32
		{2737E977-C68F-3733-8AB1-9C912C0CADE0}.RelWithDebInfo|Win32.Build.0 = RelWithDebInfo|Win32
		{FEB4A3DC-BBCE-3B75-A567-CFF8D5FEAFE1}.Debug|Win32.ActiveCfg = Debug|Win32
		{FEB4A3DC-BBCE-3B75-A567-CFF8D5FEAFE1}.Release|Win32.ActiveCfg = Release|Win32
		{FEB4A3DC-BBCE-3B75-A567-CFF8D5FEAFE1}.MinSizeRel|Win32.ActiveCfg = MinSizeRel|Win32
		{FEB4A3DC-BBCE-3B75-A567-CFF8D5FEAFE1}.RelWithDebInfo|Win32.ActiveCfg = RelWithDebInfo|Win32
		{C05CC118-BC7D-336A-B39C-CB8F2F4CFB8F}.Debug|Win32.ActiveCfg = Debug|Win32
		{C05CC118-BC7D-336A-B39C-CB8F2F4CFB8F}.Debug|Win32.Build.0 = Debug|Win32
		{C05CC118-BC7D-336A-B39C-CB8F2F4CFB8F}.Release|Win32.ActiveCfg = Release|Win32
		{C05CC118-BC7D-336A-B39C-CB8F2F4CFB8F}.Release|Win32.Build.0 = Release|Win32
		{C05CC118-BC7D-336A-B39C-CB8F2F4CFB8F}.MinSizeRel|Win32.ActiveCfg = MinSizeRel|Win32
		{C05CC118-BC7D-336A-B39C-CB8F2F4CFB8F}.MinSizeRel|Win32.Build.0 = MinSizeRel|Win32
		{C05CC118-BC7D-336A-B39C-CB8F2F4CFB8F}.RelWithDebInfo|Win32.ActiveCfg = RelWithDebInfo|Win32
		{C05CC118-BC7D-336A-B39C-CB8F2F4CFB8F}.RelWithDebInfo|Win32.Build.0 = RelWithDebInfo|Win32
	EndGlobalSection
	GlobalSection(ExtensibilityGlobals) = postSolution
		SolutionGuid = {AE297F63-61B8-317C-90D9-3DDF6DB3F4AE}
	EndGlobalSection
	GlobalSection(ExtensibilityAddIns) = postSolution
	EndGlobalSection
EndGlobal
