
Microsoft Visual Studio Solution File, Format Version 12.00
# Visual Studio Version 17
Project("{8BC9CEB8-8B4A-11D0-8D11-00A0C91BC942}") = "ALL_BUILD", "ALL_BUILD.vcxproj", "{64DCFBFA-B7E2-314E-AED5-B02D7F9744D6}"
	ProjectSection(ProjectDependencies) = postProject
	EndProjectSection
EndProject
Project("{8BC9CEB8-8B4A-11D0-8D11-00A0C91BC942}") = "INSTALL", "INSTALL.vcxproj", "{80782A76-2446-357B-B413-4128EC6B3195}"
	ProjectSection(ProjectDependencies) = postProject
		{64DCFBFA-B7E2-314E-AED5-B02D7F9744D6} = {64DCFBFA-B7E2-314E-AED5-B02D7F9744D6}
	EndProjectSection
EndProject
Project("{8BC9CEB8-8B4A-11D0-8D11-00A0C91BC942}") = "hlsl50_shaders", "hlsl50_shaders.vcxproj", "{781D8A41-F06B-34B4-A5C4-BFFA54594F1E}"
	ProjectSection(ProjectDependencies) = postProject
	EndProjectSection
EndProject
Project("{8BC9CEB8-8B4A-11D0-8D11-00A0C91BC942}") = "hlsl50_shaders_commons", "hlsl50_shaders_commons.vcxproj", "{2C266817-1E6B-3BB1-988E-6CA34788DD62}"
	ProjectSection(ProjectDependencies) = postProject
	EndProjectSection
EndProject
Project("{8BC9CEB8-8B4A-11D0-8D11-00A0C91BC942}") = "hlsl50_shaders_metadata", "hlsl50_shaders_metadata.vcxproj", "{6A6FB438-A10A-378C-B62F-389562C70AF0}"
	ProjectSection(ProjectDependencies) = postProject
	EndProjectSection
EndProject
Global
	GlobalSection(SolutionConfigurationPlatforms) = preSolution
		Debug|Win32 = Debug|Win32
		Release|Win32 = Release|Win32
		MinSizeRel|Win32 = MinSizeRel|Win32
		RelWithDebInfo|Win32 = RelWithDebInfo|Win32
	EndGlobalSection
	GlobalSection(ProjectConfigurationPlatforms) = postSolution
		{64DCFBFA-B7E2-314E-AED5-B02D7F9744D6}.Debug|Win32.ActiveCfg = Debug|Win32
		{64DCFBFA-B7E2-314E-AED5-B02D7F9744D6}.Debug|Win32.Build.0 = Debug|Win32
		{64DCFBFA-B7E2-314E-AED5-B02D7F9744D6}.Release|Win32.ActiveCfg = Release|Win32
		{64DCFBFA-B7E2-314E-AED5-B02D7F9744D6}.Release|Win32.Build.0 = Release|Win32
		{64DCFBFA-B7E2-314E-AED5-B02D7F9744D6}.MinSizeRel|Win32.ActiveCfg = MinSizeRel|Win32
		{64DCFBFA-B7E2-314E-AED5-B02D7F9744D6}.MinSizeRel|Win32.Build.0 = MinSizeRel|Win32
		{64DCFBFA-B7E2-314E-AED5-B02D7F9744D6}.RelWithDebInfo|Win32.ActiveCfg = RelWithDebInfo|Win32
		{64DCFBFA-B7E2-314E-AED5-B02D7F9744D6}.RelWithDebInfo|Win32.Build.0 = RelWithDebInfo|Win32
		{80782A76-2446-357B-B413-4128EC6B3195}.Debug|Win32.ActiveCfg = Debug|Win32
		{80782A76-2446-357B-B413-4128EC6B3195}.Release|Win32.ActiveCfg = Release|Win32
		{80782A76-2446-357B-B413-4128EC6B3195}.MinSizeRel|Win32.ActiveCfg = MinSizeRel|Win32
		{80782A76-2446-357B-B413-4128EC6B3195}.RelWithDebInfo|Win32.ActiveCfg = RelWithDebInfo|Win32
		{781D8A41-F06B-34B4-A5C4-BFFA54594F1E}.Debug|Win32.ActiveCfg = Debug|Win32
		{781D8A41-F06B-34B4-A5C4-BFFA54594F1E}.Release|Win32.ActiveCfg = Release|Win32
		{781D8A41-F06B-34B4-A5C4-BFFA54594F1E}.MinSizeRel|Win32.ActiveCfg = MinSizeRel|Win32
		{781D8A41-F06B-34B4-A5C4-BFFA54594F1E}.RelWithDebInfo|Win32.ActiveCfg = RelWithDebInfo|Win32
		{2C266817-1E6B-3BB1-988E-6CA34788DD62}.Debug|Win32.ActiveCfg = Debug|Win32
		{2C266817-1E6B-3BB1-988E-6CA34788DD62}.Release|Win32.ActiveCfg = Release|Win32
		{2C266817-1E6B-3BB1-988E-6CA34788DD62}.MinSizeRel|Win32.ActiveCfg = MinSizeRel|Win32
		{2C266817-1E6B-3BB1-988E-6CA34788DD62}.RelWithDebInfo|Win32.ActiveCfg = RelWithDebInfo|Win32
		{6A6FB438-A10A-378C-B62F-389562C70AF0}.Debug|Win32.ActiveCfg = Debug|Win32
		{6A6FB438-A10A-378C-B62F-389562C70AF0}.Release|Win32.ActiveCfg = Release|Win32
		{6A6FB438-A10A-378C-B62F-389562C70AF0}.MinSizeRel|Win32.ActiveCfg = MinSizeRel|Win32
		{6A6FB438-A10A-378C-B62F-389562C70AF0}.RelWithDebInfo|Win32.ActiveCfg = RelWithDebInfo|Win32
	EndGlobalSection
	GlobalSection(ExtensibilityGlobals) = postSolution
		SolutionGuid = {C1B17916-A28D-3DD7-ABB6-7696E89B1092}
	EndGlobalSection
	GlobalSection(ExtensibilityAddIns) = postSolution
	EndGlobalSection
EndGlobal
