<?xml version="1.0" encoding="utf-8"?>
<Project ToolsVersion="17.0" xmlns="http://schemas.microsoft.com/developer/msbuild/2003">
  <ItemGroup>
    <None Include="D:\dev\MaGE\src\hlsl50_shaders\resources\color_ps.json" />
    <None Include="D:\dev\MaGE\src\hlsl50_shaders\resources\color_vs.json" />
    <None Include="D:\dev\MaGE\src\hlsl50_shaders\resources\combiner_accumulate2chan_ps.json" />
    <None Include="D:\dev\MaGE\src\hlsl50_shaders\resources\combiner_accumulate2chan_vs.json" />
    <None Include="D:\dev\MaGE\src\hlsl50_shaders\resources\combiner_accumulate3chan_ps.json" />
    <None Include="D:\dev\MaGE\src\hlsl50_shaders\resources\combiner_accumulate3chan_vs.json" />
    <None Include="D:\dev\MaGE\src\hlsl50_shaders\resources\combiner_fog_ps.json" />
    <None Include="D:\dev\MaGE\src\hlsl50_shaders\resources\combiner_fog_vs.json" />
    <None Include="D:\dev\MaGE\src\hlsl50_shaders\resources\combiner_modulate_ps.json" />
    <None Include="D:\dev\MaGE\src\hlsl50_shaders\resources\combiner_modulate_vs.json" />
    <None Include="D:\dev\MaGE\src\hlsl50_shaders\resources\filter_directforward_ps.json" />
    <None Include="D:\dev\MaGE\src\hlsl50_shaders\resources\filter_directforward_vs.json" />
    <None Include="D:\dev\MaGE\src\hlsl50_shaders\resources\pass_switch_texture2stages_ps.json" />
    <None Include="D:\dev\MaGE\src\hlsl50_shaders\resources\pass_switch_texture2stages_vs.json" />
    <None Include="D:\dev\MaGE\src\hlsl50_shaders\resources\scene_flatclouds_ps.json" />
    <None Include="D:\dev\MaGE\src\hlsl50_shaders\resources\scene_flatclouds_vs.json" />
    <None Include="D:\dev\MaGE\src\hlsl50_shaders\resources\scene_flatcolor_keycolor_ps.json" />
    <None Include="D:\dev\MaGE\src\hlsl50_shaders\resources\scene_flatcolor_keycolor_vs.json" />
    <None Include="D:\dev\MaGE\src\hlsl50_shaders\resources\scene_flatcolor_ps.json" />
    <None Include="D:\dev\MaGE\src\hlsl50_shaders\resources\scene_flatcolor_skinning_ps.json" />
    <None Include="D:\dev\MaGE\src\hlsl50_shaders\resources\scene_flatcolor_skinning_vs.json" />
    <None Include="D:\dev\MaGE\src\hlsl50_shaders\resources\scene_flatcolor_vs.json" />
    <None Include="D:\dev\MaGE\src\hlsl50_shaders\resources\scene_lit_keycolor_ps.json" />
    <None Include="D:\dev\MaGE\src\hlsl50_shaders\resources\scene_lit_keycolor_vs.json" />
    <None Include="D:\dev\MaGE\src\hlsl50_shaders\resources\scene_lit_ps.json" />
    <None Include="D:\dev\MaGE\src\hlsl50_shaders\resources\scene_lit_skinning_ps.json" />
    <None Include="D:\dev\MaGE\src\hlsl50_shaders\resources\scene_lit_skinning_vs.json" />
    <None Include="D:\dev\MaGE\src\hlsl50_shaders\resources\scene_lit_vs.json" />
    <None Include="D:\dev\MaGE\src\hlsl50_shaders\resources\scene_recursive_texture_ps.json" />
    <None Include="D:\dev\MaGE\src\hlsl50_shaders\resources\scene_recursive_texture_vs.json" />
    <None Include="D:\dev\MaGE\src\hlsl50_shaders\resources\scene_shadowsmask_keycolor_ps.json" />
    <None Include="D:\dev\MaGE\src\hlsl50_shaders\resources\scene_shadowsmask_keycolor_vs.json" />
    <None Include="D:\dev\MaGE\src\hlsl50_shaders\resources\scene_shadowsmask_ps.json" />
    <None Include="D:\dev\MaGE\src\hlsl50_shaders\resources\scene_shadowsmask_skinning_ps.json" />
    <None Include="D:\dev\MaGE\src\hlsl50_shaders\resources\scene_shadowsmask_skinning_vs.json" />
    <None Include="D:\dev\MaGE\src\hlsl50_shaders\resources\scene_shadowsmask_vs.json" />
    <None Include="D:\dev\MaGE\src\hlsl50_shaders\resources\scene_skydome_ps.json" />
    <None Include="D:\dev\MaGE\src\hlsl50_shaders\resources\scene_skydome_vs.json" />
    <None Include="D:\dev\MaGE\src\hlsl50_shaders\resources\scene_texture1stage_keycolor_ps.json" />
    <None Include="D:\dev\MaGE\src\hlsl50_shaders\resources\scene_texture1stage_keycolor_vs.json" />
    <None Include="D:\dev\MaGE\src\hlsl50_shaders\resources\scene_texture1stage_skinning_ps.json" />
    <None Include="D:\dev\MaGE\src\hlsl50_shaders\resources\scene_texture1stage_skinning_vs.json" />
    <None Include="D:\dev\MaGE\src\hlsl50_shaders\resources\scene_zdepth_keycolor_ps.json" />
    <None Include="D:\dev\MaGE\src\hlsl50_shaders\resources\scene_zdepth_keycolor_vs.json" />
    <None Include="D:\dev\MaGE\src\hlsl50_shaders\resources\scene_zdepth_ps.json" />
    <None Include="D:\dev\MaGE\src\hlsl50_shaders\resources\scene_zdepth_skinning_ps.json" />
    <None Include="D:\dev\MaGE\src\hlsl50_shaders\resources\scene_zdepth_skinning_vs.json" />
    <None Include="D:\dev\MaGE\src\hlsl50_shaders\resources\scene_zdepth_vs.json" />
    <None Include="D:\dev\MaGE\src\hlsl50_shaders\resources\sprite_ps.json" />
    <None Include="D:\dev\MaGE\src\hlsl50_shaders\resources\sprite_vs.json" />
    <None Include="D:\dev\MaGE\src\hlsl50_shaders\resources\texture_ps.json" />
    <None Include="D:\dev\MaGE\src\hlsl50_shaders\resources\texture_vs.json" />
  </ItemGroup>
  <ItemGroup>
  </ItemGroup>
</Project>
