<?xml version="1.0" encoding="utf-8"?>
<Project ToolsVersion="17.0" xmlns="http://schemas.microsoft.com/developer/msbuild/2003">
  <ItemGroup>
    <ClCompile Include="D:\dev\MaGE\src\SYSTEM_streamer\src\streamersystem.cpp">
      <Filter>Source Files</Filter>
    </ClCompile>
  </ItemGroup>
  <ItemGroup>
    <ClInclude Include="D:\dev\MaGE\src\SYSTEM_streamer\src\streamersystem.h">
      <Filter>Header Files</Filter>
    </ClInclude>
  </ItemGroup>
  <ItemGroup>
    <Filter Include="Header Files">
      <UniqueIdentifier>{6257390D-9684-389E-9DA6-7FA5FA6AC0A7}</UniqueIdentifier>
    </Filter>
    <Filter Include="Source Files">
      <UniqueIdentifier>{6E99A05A-A4B8-3020-B995-5F5F9239069E}</UniqueIdentifier>
    </Filter>
  </ItemGroup>
</Project>
